// !$*UTF8*$!
{
	archiveVersion = 1;
	classes = {
	};
	objectVersion = 50;
	objects = {

/* Begin PBXBuildFile section */
		F72669392590B8DE00AB3034 /* AppDelegate.swift in Sources */ = {isa = PBXBuildFile; fileRef = F72669382590B8DE00AB3034 /* AppDelegate.swift */; };
		F726693B2590B8DE00AB3034 /* SceneDelegate.swift in Sources */ = {isa = PBXBuildFile; fileRef = F726693A2590B8DE00AB3034 /* SceneDelegate.swift */; };
		F726693D2590B8DE00AB3034 /* ViewController.swift in Sources */ = {isa = PBXBuildFile; fileRef = F726693C2590B8DE00AB3034 /* ViewController.swift */; };
		F72669402590B8DE00AB3034 /* Main.storyboard in Resources */ = {isa = PBXBuildFile; fileRef = F726693E2590B8DE00AB3034 /* Main.storyboard */; };
		F72669422590B8DF00AB3034 /* Assets.xcassets in Resources */ = {isa = PBXBuildFile; fileRef = F72669412590B8DF00AB3034 /* Assets.xcassets */; };
		F72669452590B8DF00AB3034 /* LaunchScreen.storyboard in Resources */ = {isa = PBXBuildFile; fileRef = F72669432590B8DF00AB3034 /* LaunchScreen.storyboard */; };
		F72669502590B8DF00AB3034 /* GetirTodoTests.swift in Sources */ = {isa = PBXBuildFile; fileRef = F726694F2590B8DF00AB3034 /* GetirTodoTests.swift */; };
		F726695B2590B8E000AB3034 /* GetirTodoUITests.swift in Sources */ = {isa = PBXBuildFile; fileRef = F726695A2590B8E000AB3034 /* GetirTodoUITests.swift */; };
/* End PBXBuildFile section */

/* Begin PBXContainerItemProxy section */
		F726694C2590B8DF00AB3034 /* PBXContainerItemProxy */ = {
			isa = PBXContainerItemProxy;
			containerPortal = F726692D2590B8DD00AB3034 /* Project object */;
			proxyType = 1;
			remoteGlobalIDString = F72669342590B8DD00AB3034;
			remoteInfo = GetirTodo;
		};
		F72669572590B8E000AB3034 /* PBXContainerItemProxy */ = {
			isa = PBXContainerItemProxy;
			containerPortal = F726692D2590B8DD00AB3034 /* Project object */;
			proxyType = 1;
			remoteGlobalIDString = F72669342590B8DD00AB3034;
			remoteInfo = GetirTodo;
		};
/* End PBXContainerItemProxy section */

/* Begin PBXFileReference section */
		F72669352590B8DD00AB3034 /* GetirTodo.app */ = {isa = PBXFileReference; explicitFileType = wrapper.application; includeInIndex = 0; path = GetirTodo.app; sourceTree = BUILT_PRODUCTS_DIR; };
		F72669382590B8DE00AB3034 /* AppDelegate.swift */ = {isa = PBXFileReference; lastKnownFileType = sourcecode.swift; path = AppDelegate.swift; sourceTree = "<group>"; };
		F726693A2590B8DE00AB3034 /* SceneDelegate.swift */ = {isa = PBXFileReference; lastKnownFileType = sourcecode.swift; path = SceneDelegate.swift; sourceTree = "<group>"; };
		F726693C2590B8DE00AB3034 /* ViewController.swift */ = {isa = PBXFileReference; lastKnownFileType = sourcecode.swift; path = ViewController.swift; sourceTree = "<group>"; };
		F726693F2590B8DE00AB3034 /* Base */ = {isa = PBXFileReference; lastKnownFileType = file.storyboard; name = Base; path = Base.lproj/Main.storyboard; sourceTree = "<group>"; };
		F72669412590B8DF00AB3034 /* Assets.xcassets */ = {isa = PBXFileReference; lastKnownFileType = folder.assetcatalog; path = Assets.xcassets; sourceTree = "<group>"; };
		F72669442590B8DF00AB3034 /* Base */ = {isa = PBXFileReference; lastKnownFileType = file.storyboard; name = Base; path = Base.lproj/LaunchScreen.storyboard; sourceTree = "<group>"; };
		F72669462590B8DF00AB3034 /* Info.plist */ = {isa = PBXFileReference; lastKnownFileType = text.plist.xml; path = Info.plist; sourceTree = "<group>"; };
		F726694B2590B8DF00AB3034 /* GetirTodoTests.xctest */ = {isa = PBXFileReference; explicitFileType = wrapper.cfbundle; includeInIndex = 0; path = GetirTodoTests.xctest; sourceTree = BUILT_PRODUCTS_DIR; };
		F726694F2590B8DF00AB3034 /* GetirTodoTests.swift */ = {isa = PBXFileReference; lastKnownFileType = sourcecode.swift; path = GetirTodoTests.swift; sourceTree = "<group>"; };
		F72669512590B8DF00AB3034 /* Info.plist */ = {isa = PBXFileReference; lastKnownFileType = text.plist.xml; path = Info.plist; sourceTree = "<group>"; };
		F72669562590B8E000AB3034 /* GetirTodoUITests.xctest */ = {isa = PBXFileReference; explicitFileType = wrapper.cfbundle; includeInIndex = 0; path = GetirTodoUITests.xctest; sourceTree = BUILT_PRODUCTS_DIR; };
		F726695A2590B8E000AB3034 /* GetirTodoUITests.swift */ = {isa = PBXFileReference; lastKnownFileType = sourcecode.swift; path = GetirTodoUITests.swift; sourceTree = "<group>"; };
		F726695C2590B8E000AB3034 /* Info.plist */ = {isa = PBXFileReference; lastKnownFileType = text.plist.xml; path = Info.plist; sourceTree = "<group>"; };
/* End PBXFileReference section */

/* Begin PBXFrameworksBuildPhase section */
		F72669322590B8DD00AB3034 /* Frameworks */ = {
			isa = PBXFrameworksBuildPhase;
			buildActionMask = 2147483647;
			files = (
			);
			runOnlyForDeploymentPostprocessing = 0;
		};
		F72669482590B8DF00AB3034 /* Frameworks */ = {
			isa = PBXFrameworksBuildPhase;
			buildActionMask = 2147483647;
			files = (
			);
			runOnlyForDeploymentPostprocessing = 0;
		};
		F72669532590B8DF00AB3034 /* Frameworks */ = {
			isa = PBXFrameworksBuildPhase;
			buildActionMask = 2147483647;
			files = (
			);
			runOnlyForDeploymentPostprocessing = 0;
		};
/* End PBXFrameworksBuildPhase section */

/* Begin PBXGroup section */
		F726692C2590B8DD00AB3034 = {
			isa = PBXGroup;
			children = (
				F72669372590B8DE00AB3034 /* GetirTodo */,
				F726694E2590B8DF00AB3034 /* GetirTodoTests */,
				F72669592590B8E000AB3034 /* GetirTodoUITests */,
				F72669362590B8DD00AB3034 /* Products */,
			);
			sourceTree = "<group>";
		};
		F72669362590B8DD00AB3034 /* Products */ = {
			isa = PBXGroup;
			children = (
				F72669352590B8DD00AB3034 /* GetirTodo.app */,
				F726694B2590B8DF00AB3034 /* GetirTodoTests.xctest */,
				F72669562590B8E000AB3034 /* GetirTodoUITests.xctest */,
			);
			name = Products;
			sourceTree = "<group>";
		};
		F72669372590B8DE00AB3034 /* GetirTodo */ = {
			isa = PBXGroup;
			children = (
				F72669382590B8DE00AB3034 /* AppDelegate.swift */,
				F726693A2590B8DE00AB3034 /* SceneDelegate.swift */,
				F726693C2590B8DE00AB3034 /* ViewController.swift */,
				F726693E2590B8DE00AB3034 /* Main.storyboard */,
				F72669412590B8DF00AB3034 /* Assets.xcassets */,
				F72669432590B8DF00AB3034 /* LaunchScreen.storyboard */,
				F72669462590B8DF00AB3034 /* Info.plist */,
			);
			path = GetirTodo;
			sourceTree = "<group>";
		};
		F726694E2590B8DF00AB3034 /* GetirTodoTests */ = {
			isa = PBXGroup;
			children = (
				F726694F2590B8DF00AB3034 /* GetirTodoTests.swift */,
				F72669512590B8DF00AB3034 /* Info.plist */,
			);
			path = GetirTodoTests;
			sourceTree = "<group>";
		};
		F72669592590B8E000AB3034 /* GetirTodoUITests */ = {
			isa = PBXGroup;
			children = (
				F726695A2590B8E000AB3034 /* GetirTodoUITests.swift */,
				F726695C2590B8E000AB3034 /* Info.plist */,
			);
			path = GetirTodoUITests;
			sourceTree = "<group>";
		};
/* End PBXGroup section */

/* Begin PBXNativeTarget section */
		F72669342590B8DD00AB3034 /* GetirTodo */ = {
			isa = PBXNativeTarget;
			buildConfigurationList = F726695F2590B8E000AB3034 /* Build configuration list for PBXNativeTarget "GetirTodo" */;
			buildPhases = (
				F72669312590B8DD00AB3034 /* Sources */,
				F72669322590B8DD00AB3034 /* Frameworks */,
				F72669332590B8DD00AB3034 /* Resources */,
			);
			buildRules = (
			);
			dependencies = (
			);
			name = GetirTodo;
			productName = GetirTodo;
			productReference = F72669352590B8DD00AB3034 /* GetirTodo.app */;
			productType = "com.apple.product-type.application";
		};
		F726694A2590B8DF00AB3034 /* GetirTodoTests */ = {
			isa = PBXNativeTarget;
			buildConfigurationList = F72669622590B8E000AB3034 /* Build configuration list for PBXNativeTarget "GetirTodoTests" */;
			buildPhases = (
				F72669472590B8DF00AB3034 /* Sources */,
				F72669482590B8DF00AB3034 /* Frameworks */,
				F72669492590B8DF00AB3034 /* Resources */,
			);
			buildRules = (
			);
			dependencies = (
				F726694D2590B8DF00AB3034 /* PBXTargetDependency */,
			);
			name = GetirTodoTests;
			productName = GetirTodoTests;
			productReference = F726694B2590B8DF00AB3034 /* GetirTodoTests.xctest */;
			productType = "com.apple.product-type.bundle.unit-test";
		};
		F72669552590B8DF00AB3034 /* GetirTodoUITests */ = {
			isa = PBXNativeTarget;
			buildConfigurationList = F72669652590B8E000AB3034 /* Build configuration list for PBXNativeTarget "GetirTodoUITests" */;
			buildPhases = (
				F72669522590B8DF00AB3034 /* Sources */,
				F72669532590B8DF00AB3034 /* Frameworks */,
				F72669542590B8DF00AB3034 /* Resources */,
			);
			buildRules = (
			);
			dependencies = (
				F72669582590B8E000AB3034 /* PBXTargetDependency */,
			);
			name = GetirTodoUITests;
			productName = GetirTodoUITests;
			productReference = F72669562590B8E000AB3034 /* GetirTodoUITests.xctest */;
			productType = "com.apple.product-type.bundle.ui-testing";
		};
/* End PBXNativeTarget section */

/* Begin PBXProject section */
		F726692D2590B8DD00AB3034 /* Project object */ = {
			isa = PBXProject;
			attributes = {
				LastSwiftUpdateCheck = 1200;
				LastUpgradeCheck = 1200;
				TargetAttributes = {
					F72669342590B8DD00AB3034 = {
						CreatedOnToolsVersion = 12.0;
					};
					F726694A2590B8DF00AB3034 = {
						CreatedOnToolsVersion = 12.0;
						TestTargetID = F72669342590B8DD00AB3034;
					};
					F72669552590B8DF00AB3034 = {
						CreatedOnToolsVersion = 12.0;
						TestTargetID = F72669342590B8DD00AB3034;
					};
				};
			};
			buildConfigurationList = F72669302590B8DD00AB3034 /* Build configuration list for PBXProject "GetirTodo" */;
			compatibilityVersion = "Xcode 9.3";
			developmentRegion = en;
			hasScannedForEncodings = 0;
			knownRegions = (
				en,
				Base,
			);
			mainGroup = F726692C2590B8DD00AB3034;
			productRefGroup = F72669362590B8DD00AB3034 /* Products */;
			projectDirPath = "";
			projectRoot = "";
			targets = (
				F72669342590B8DD00AB3034 /* GetirTodo */,
				F726694A2590B8DF00AB3034 /* GetirTodoTests */,
				F72669552590B8DF00AB3034 /* GetirTodoUITests */,
			);
		};
/* End PBXProject section */

/* Begin PBXResourcesBuildPhase section */
		F72669332590B8DD00AB3034 /* Resources */ = {
			isa = PBXResourcesBuildPhase;
			buildActionMask = 2147483647;
			files = (
				F72669452590B8DF00AB3034 /* LaunchScreen.storyboard in Resources */,
				F72669422590B8DF00AB3034 /* Assets.xcassets in Resources */,
				F72669402590B8DE00AB3034 /* Main.storyboard in Resources */,
			);
			runOnlyForDeploymentPostprocessing = 0;
		};
		F72669492590B8DF00AB3034 /* Resources */ = {
			isa = PBXResourcesBuildPhase;
			buildActionMask = 2147483647;
			files = (
			);
			runOnlyForDeploymentPostprocessing = 0;
		};
		F72669542590B8DF00AB3034 /* Resources */ = {
			isa = PBXResourcesBuildPhase;
			buildActionMask = 2147483647;
			files = (
			);
			runOnlyForDeploymentPostprocessing = 0;
		};
/* End PBXResourcesBuildPhase section */

/* Begin PBXSourcesBuildPhase section */
		F72669312590B8DD00AB3034 /* Sources */ = {
			isa = PBXSourcesBuildPhase;
			buildActionMask = 2147483647;
			files = (
				F726693D2590B8DE00AB3034 /* ViewController.swift in Sources */,
				F72669392590B8DE00AB3034 /* AppDelegate.swift in Sources */,
				F726693B2590B8DE00AB3034 /* SceneDelegate.swift in Sources */,
			);
			runOnlyForDeploymentPostprocessing = 0;
		};
		F72669472590B8DF00AB3034 /* Sources */ = {
			isa = PBXSourcesBuildPhase;
			buildActionMask = 2147483647;
			files = (
				F72669502590B8DF00AB3034 /* GetirTodoTests.swift in Sources */,
			);
			runOnlyForDeploymentPostprocessing = 0;
		};
		F72669522590B8DF00AB3034 /* Sources */ = {
			isa = PBXSourcesBuildPhase;
			buildActionMask = 2147483647;
			files = (
				F726695B2590B8E000AB3034 /* GetirTodoUITests.swift in Sources */,
			);
			runOnlyForDeploymentPostprocessing = 0;
		};
/* End PBXSourcesBuildPhase section */

/* Begin PBXTargetDependency section */
		F726694D2590B8DF00AB3034 /* PBXTargetDependency */ = {
			isa = PBXTargetDependency;
			target = F72669342590B8DD00AB3034 /* GetirTodo */;
			targetProxy = F726694C2590B8DF00AB3034 /* PBXContainerItemProxy */;
		};
		F72669582590B8E000AB3034 /* PBXTargetDependency */ = {
			isa = PBXTargetDependency;
			target = F72669342590B8DD00AB3034 /* GetirTodo */;
			targetProxy = F72669572590B8E000AB3034 /* PBXContainerItemProxy */;
		};
/* End PBXTargetDependency section */

/* Begin PBXVariantGroup section */
		F726693E2590B8DE00AB3034 /* Main.storyboard */ = {
			isa = PBXVariantGroup;
			children = (
				F726693F2590B8DE00AB3034 /* Base */,
			);
			name = Main.storyboard;
			sourceTree = "<group>";
		};
		F72669432590B8DF00AB3034 /* LaunchScreen.storyboard */ = {
			isa = PBXVariantGroup;
			children = (
				F72669442590B8DF00AB3034 /* Base */,
			);
			name = LaunchScreen.storyboard;
			sourceTree = "<group>";
		};
/* End PBXVariantGroup section */

/* Begin XCBuildConfiguration section */
		F726695D2590B8E000AB3034 /* Debug */ = {
			isa = XCBuildConfiguration;
			buildSettings = {
				ALWAYS_SEARCH_USER_PATHS = NO;
				CLANG_ANALYZER_NONNULL = YES;
				CLANG_ANALYZER_NUMBER_OBJECT_CONVERSION = YES_AGGRESSIVE;
				CLANG_CXX_LANGUAGE_STANDARD = "gnu++14";
				CLANG_CXX_LIBRARY = "libc++";
				CLANG_ENABLE_MODULES = YES;
				CLANG_ENABLE_OBJC_ARC = YES;
				CLANG_ENABLE_OBJC_WEAK = YES;
				CLANG_WARN_BLOCK_CAPTURE_AUTORELEASING = YES;
				CLANG_WARN_BOOL_CONVERSION = YES;
				CLANG_WARN_COMMA = YES;
				CLANG_WARN_CONSTANT_CONVERSION = YES;
				CLANG_WARN_DEPRECATED_OBJC_IMPLEMENTATIONS = YES;
				CLANG_WARN_DIRECT_OBJC_ISA_USAGE = YES_ERROR;
				CLANG_WARN_DOCUMENTATION_COMMENTS = YES;
				CLANG_WARN_EMPTY_BODY = YES;
				CLANG_WARN_ENUM_CONVERSION = YES;
				CLANG_WARN_INFINITE_RECURSION = YES;
				CLANG_WARN_INT_CONVERSION = YES;
				CLANG_WARN_NON_LITERAL_NULL_CONVERSION = YES;
				CLANG_WARN_OBJC_IMPLICIT_RETAIN_SELF = YES;
				CLANG_WARN_OBJC_LITERAL_CONVERSION = YES;
				CLANG_WARN_OBJC_ROOT_CLASS = YES_ERROR;
				CLANG_WARN_QUOTED_INCLUDE_IN_FRAMEWORK_HEADER = YES;
				CLANG_WARN_RANGE_LOOP_ANALYSIS = YES;
				CLANG_WARN_STRICT_PROTOTYPES = YES;
				CLANG_WARN_SUSPICIOUS_MOVE = YES;
				CLANG_WARN_UNGUARDED_AVAILABILITY = YES_AGGRESSIVE;
				CLANG_WARN_UNREACHABLE_CODE = YES;
				CLANG_WARN__DUPLICATE_METHOD_MATCH = YES;
				COPY_PHASE_STRIP = NO;
				DEBUG_INFORMATION_FORMAT = dwarf;
				ENABLE_STRICT_OBJC_MSGSEND = YES;
				ENABLE_TESTABILITY = YES;
				GCC_C_LANGUAGE_STANDARD = gnu11;
				GCC_DYNAMIC_NO_PIC = NO;
				GCC_NO_COMMON_BLOCKS = YES;
				GCC_OPTIMIZATION_LEVEL = 0;
				GCC_PREPROCESSOR_DEFINITIONS = (
					"DEBUG=1",
					"$(inherited)",
				);
				GCC_WARN_64_TO_32_BIT_CONVERSION = YES;
				GCC_WARN_ABOUT_RETURN_TYPE = YES_ERROR;
				GCC_WARN_UNDECLARED_SELECTOR = YES;
				GCC_WARN_UNINITIALIZED_AUTOS = YES_AGGRESSIVE;
				GCC_WARN_UNUSED_FUNCTION = YES;
				GCC_WARN_UNUSED_VARIABLE = YES;
				IPHONEOS_DEPLOYMENT_TARGET = 14.0;
				MTL_ENABLE_DEBUG_INFO = INCLUDE_SOURCE;
				MTL_FAST_MATH = YES;
				ONLY_ACTIVE_ARCH = YES;
				SDKROOT = iphoneos;
				SWIFT_ACTIVE_COMPILATION_CONDITIONS = DEBUG;
				SWIFT_OPTIMIZATION_LEVEL = "-Onone";
			};
			name = Debug;
		};
		F726695E2590B8E000AB3034 /* Release */ = {
			isa = XCBuildConfiguration;
			buildSettings = {
				ALWAYS_SEARCH_USER_PATHS = NO;
				CLANG_ANALYZER_NONNULL = YES;
				CLANG_ANALYZER_NUMBER_OBJECT_CONVERSION = YES_AGGRESSIVE;
				CLANG_CXX_LANGUAGE_STANDARD = "gnu++14";
				CLANG_CXX_LIBRARY = "libc++";
				CLANG_ENABLE_MODULES = YES;
				CLANG_ENABLE_OBJC_ARC = YES;
				CLANG_ENABLE_OBJC_WEAK = YES;
				CLANG_WARN_BLOCK_CAPTURE_AUTORELEASING = YES;
				CLANG_WARN_BOOL_CONVERSION = YES;
				CLANG_WARN_COMMA = YES;
				CLANG_WARN_CONSTANT_CONVERSION = YES;
				CLANG_WARN_DEPRECATED_OBJC_IMPLEMENTATIONS = YES;
				CLANG_WARN_DIRECT_OBJC_ISA_USAGE = YES_ERROR;
				CLANG_WARN_DOCUMENTATION_COMMENTS = YES;
				CLANG_WARN_EMPTY_BODY = YES;
				CLANG_WARN_ENUM_CONVERSION = YES;
				CLANG_WARN_INFINITE_RECURSION = YES;
				CLANG_WARN_INT_CONVERSION = YES;
				CLANG_WARN_NON_LITERAL_NULL_CONVERSION = YES;
				CLANG_WARN_OBJC_IMPLICIT_RETAIN_SELF = YES;
				CLANG_WARN_OBJC_LITERAL_CONVERSION = YES;
				CLANG_WARN_OBJC_ROOT_CLASS = YES_ERROR;
				CLANG_WARN_QUOTED_INCLUDE_IN_FRAMEWORK_HEADER = YES;
				CLANG_WARN_RANGE_LOOP_ANALYSIS = YES;
				CLANG_WARN_STRICT_PROTOTYPES = YES;
				CLANG_WARN_SUSPICIOUS_MOVE = YES;
				CLANG_WARN_UNGUARDED_AVAILABILITY = YES_AGGRESSIVE;
				CLANG_WARN_UNREACHABLE_CODE = YES;
				CLANG_WARN__DUPLICATE_METHOD_MATCH = YES;
				COPY_PHASE_STRIP = NO;
				DEBUG_INFORMATION_FORMAT = "dwarf-with-dsym";
				ENABLE_NS_ASSERTIONS = NO;
				ENABLE_STRICT_OBJC_MSGSEND = YES;
				GCC_C_LANGUAGE_STANDARD = gnu11;
				GCC_NO_COMMON_BLOCKS = YES;
				GCC_WARN_64_TO_32_BIT_CONVERSION = YES;
				GCC_WARN_ABOUT_RETURN_TYPE = YES_ERROR;
				GCC_WARN_UNDECLARED_SELECTOR = YES;
				GCC_WARN_UNINITIALIZED_AUTOS = YES_AGGRESSIVE;
				GCC_WARN_UNUSED_FUNCTION = YES;
				GCC_WARN_UNUSED_VARIABLE = YES;
				IPHONEOS_DEPLOYMENT_TARGET = 14.0;
				MTL_ENABLE_DEBUG_INFO = NO;
				MTL_FAST_MATH = YES;
				SDKROOT = iphoneos;
				SWIFT_COMPILATION_MODE = wholemodule;
				SWIFT_OPTIMIZATION_LEVEL = "-O";
				VALIDATE_PRODUCT = YES;
			};
			name = Release;
		};
		F72669602590B8E000AB3034 /* Debug */ = {
			isa = XCBuildConfiguration;
			buildSettings = {
				ASSETCATALOG_COMPILER_APPICON_NAME = AppIcon;
				ASSETCATALOG_COMPILER_GLOBAL_ACCENT_COLOR_NAME = AccentColor;
				CODE_SIGN_STYLE = Automatic;
				INFOPLIST_FILE = GetirTodo/Info.plist;
				LD_RUNPATH_SEARCH_PATHS = (
					"$(inherited)",
					"@executable_path/Frameworks",
				);
				PRODUCT_BUNDLE_IDENTIFIER = com.getir.GetirTodo;
				PRODUCT_NAME = "$(TARGET_NAME)";
				SWIFT_VERSION = 5.0;
				TARGETED_DEVICE_FAMILY = "1,2";
			};
			name = Debug;
		};
		F72669612590B8E000AB3034 /* Release */ = {
			isa = XCBuildConfiguration;
			buildSettings = {
				ASSETCATALOG_COMPILER_APPICON_NAME = AppIcon;
				ASSETCATALOG_COMPILER_GLOBAL_ACCENT_COLOR_NAME = AccentColor;
				CODE_SIGN_STYLE = Automatic;
				INFOPLIST_FILE = GetirTodo/Info.plist;
				LD_RUNPATH_SEARCH_PATHS = (
					"$(inherited)",
					"@executable_path/Frameworks",
				);
				PRODUCT_BUNDLE_IDENTIFIER = com.getir.GetirTodo;
				PRODUCT_NAME = "$(TARGET_NAME)";
				SWIFT_VERSION = 5.0;
				TARGETED_DEVICE_FAMILY = "1,2";
			};
			name = Release;
		};
		F72669632590B8E000AB3034 /* Debug */ = {
			isa = XCBuildConfiguration;
			buildSettings = {
				ALWAYS_EMBED_SWIFT_STANDARD_LIBRARIES = YES;
				BUNDLE_LOADER = "$(TEST_HOST)";
				CODE_SIGN_STYLE = Automatic;
				INFOPLIST_FILE = GetirTodoTests/Info.plist;
				IPHONEOS_DEPLOYMENT_TARGET = 14.0;
				LD_RUNPATH_SEARCH_PATHS = (
					"$(inherited)",
					"@executable_path/Frameworks",
					"@loader_path/Frameworks",
				);
				PRODUCT_BUNDLE_IDENTIFIER = com.getir.GetirTodoTests;
				PRODUCT_NAME = "$(TARGET_NAME)";
				SWIFT_VERSION = 5.0;
				TARGETED_DEVICE_FAMILY = "1,2";
				TEST_HOST = "$(BUILT_PRODUCTS_DIR)/GetirTodo.app/GetirTodo";
			};
			name = Debug;
		};
		F72669642590B8E000AB3034 /* Release */ = {
			isa = XCBuildConfiguration;
			buildSettings = {
				ALWAYS_EMBED_SWIFT_STANDARD_LIBRARIES = YES;
				BUNDLE_LOADER = "$(TEST_HOST)";
				CODE_SIGN_STYLE = Automatic;
				INFOPLIST_FILE = GetirTodoTests/Info.plist;
				IPHONEOS_DEPLOYMENT_TARGET = 14.0;
				LD_RUNPATH_SEARCH_PATHS = (
					"$(inherited)",
					"@executable_path/Frameworks",
					"@loader_path/Frameworks",
				);
				PRODUCT_BUNDLE_IDENTIFIER = com.getir.GetirTodoTests;
				PRODUCT_NAME = "$(TARGET_NAME)";
				SWIFT_VERSION = 5.0;
				TARGETED_DEVICE_FAMILY = "1,2";
				TEST_HOST = "$(BUILT_PRODUCTS_DIR)/GetirTodo.app/GetirTodo";
			};
			name = Release;
		};
		F72669662590B8E000AB3034 /* Debug */ = {
			isa = XCBuildConfiguration;
			buildSettings = {
				ALWAYS_EMBED_SWIFT_STANDARD_LIBRARIES = YES;
				CODE_SIGN_STYLE = Automatic;
				INFOPLIST_FILE = GetirTodoUITests/Info.plist;
				LD_RUNPATH_SEARCH_PATHS = (
					"$(inherited)",
					"@executable_path/Frameworks",
					"@loader_path/Frameworks",
				);
				PRODUCT_BUNDLE_IDENTIFIER = com.getir.GetirTodoUITests;
				PRODUCT_NAME = "$(TARGET_NAME)";
				SWIFT_VERSION = 5.0;
				TARGETED_DEVICE_FAMILY = "1,2";
				TEST_TARGET_NAME = GetirTodo;
			};
			name = Debug;
		};
		F72669672590B8E000AB3034 /* Release */ = {
			isa = XCBuildConfiguration;
			buildSettings = {
				ALWAYS_EMBED_SWIFT_STANDARD_LIBRARIES = YES;
				CODE_SIGN_STYLE = Automatic;
				INFOPLIST_FILE = GetirTodoUITests/Info.plist;
				LD_RUNPATH_SEARCH_PATHS = (
					"$(inherited)",
					"@executable_path/Frameworks",
					"@loader_path/Frameworks",
				);
				PRODUCT_BUNDLE_IDENTIFIER = com.getir.GetirTodoUITests;
				PRODUCT_NAME = "$(TARGET_NAME)";
				SWIFT_VERSION = 5.0;
				TARGETED_DEVICE_FAMILY = "1,2";
				TEST_TARGET_NAME = GetirTodo;
			};
			name = Release;
		};
/* End XCBuildConfiguration section */

/* Begin XCConfigurationList section */
		F72669302590B8DD00AB3034 /* Build configuration list for PBXProject "GetirTodo" */ = {
			isa = XCConfigurationList;
			buildConfigurations = (
				F726695D2590B8E000AB3034 /* Debug */,
				F726695E2590B8E000AB3034 /* Release */,
			);
			defaultConfigurationIsVisible = 0;
			defaultConfigurationName = Release;
		};
		F726695F2590B8E000AB3034 /* Build configuration list for PBXNativeTarget "GetirTodo" */ = {
			isa = XCConfigurationList;
			buildConfigurations = (
				F72669602590B8E000AB3034 /* Debug */,
				F72669612590B8E000AB3034 /* Release */,
			);
			defaultConfigurationIsVisible = 0;
			defaultConfigurationName = Release;
		};
		F72669622590B8E000AB3034 /* Build configuration list for PBXNativeTarget "GetirTodoTests" */ = {
			isa = XCConfigurationList;
			buildConfigurations = (
				F72669632590B8E000AB3034 /* Debug */,
				F72669642590B8E000AB3034 /* Release */,
			);
			defaultConfigurationIsVisible = 0;
			defaultConfigurationName = Release;
		};
		F72669652590B8E000AB3034 /* Build configuration list for PBXNativeTarget "GetirTodoUITests" */ = {
			isa = XCConfigurationList;
			buildConfigurations = (
				F72669662590B8E000AB3034 /* Debug */,
				F72669672590B8E000AB3034 /* Release */,
			);
			defaultConfigurationIsVisible = 0;
			defaultConfigurationName = Release;
		};
/* End XCConfigurationList section */
	};
	rootObject = F726692D2590B8DD00AB3034 /* Project object */;
}
