// !$*UTF8*$!
{
	archiveVersion = 1;
	classes = {
	};
	objectVersion = 50;
	objects = {

/* Begin PBXBuildFile section */
		87321F6F2810794100E8DC68 /* AppCoordinator.swift in Sources */ = {isa = PBXBuildFile; fileRef = 87321F6D2810794100E8DC68 /* AppCoordinator.swift */; };
		87321F702810794100E8DC68 /* Coordinator.swift in Sources */ = {isa = PBXBuildFile; fileRef = 87321F6E2810794100E8DC68 /* Coordinator.swift */; };
		87321F7928107A0600E8DC68 /* MainCoordinator.swift in Sources */ = {isa = PBXBuildFile; fileRef = 87321F7828107A0600E8DC68 /* MainCoordinator.swift */; };
		87321F8128107A7A00E8DC68 /* MainVC.swift in Sources */ = {isa = PBXBuildFile; fileRef = 87321F8028107A7A00E8DC68 /* MainVC.swift */; };
		87321F8628107A8200E8DC68 /* MainVM.swift in Sources */ = {isa = PBXBuildFile; fileRef = 87321F8528107A8200E8DC68 /* MainVM.swift */; };
		87321F8B28107C4500E8DC68 /* VMAbstraction.swift in Sources */ = {isa = PBXBuildFile; fileRef = 87321F8A28107C4500E8DC68 /* VMAbstraction.swift */; };
		87321F902810833700E8DC68 /* Todo.swift in Sources */ = {isa = PBXBuildFile; fileRef = 87321F8F2810833700E8DC68 /* Todo.swift */; };
		87321FD928109BEC00E8DC68 /* DetailsVC.swift in Sources */ = {isa = PBXBuildFile; fileRef = 87321FD828109BEC00E8DC68 /* DetailsVC.swift */; };
		87321FE528109C1D00E8DC68 /* Details.storyboard in Resources */ = {isa = PBXBuildFile; fileRef = 87321FE428109C1D00E8DC68 /* Details.storyboard */; };
		8785FD9C2812ADF9001D7244 /* TodoViewData.swift in Sources */ = {isa = PBXBuildFile; fileRef = 8785FD9B2812ADF9001D7244 /* TodoViewData.swift */; };
		8785FDB02812AEF3001D7244 /* TodoObject.swift in Sources */ = {isa = PBXBuildFile; fileRef = 8785FDAF2812AEF3001D7244 /* TodoObject.swift */; };
		878D6B3E28113A8C00B736B3 /* TodoData.xcdatamodeld in Sources */ = {isa = PBXBuildFile; fileRef = 878D6B3C28113A8C00B736B3 /* TodoData.xcdatamodeld */; };
		878D6B4528113BD600B736B3 /* CoreDataStack.swift in Sources */ = {isa = PBXBuildFile; fileRef = 878D6B4428113BD600B736B3 /* CoreDataStack.swift */; };
		87D2F8082815A42A003108F9 /* EditVC.swift in Sources */ = {isa = PBXBuildFile; fileRef = 87D2F8062815A42A003108F9 /* EditVC.swift */; };
		87D2F8092815A42A003108F9 /* Edit.storyboard in Resources */ = {isa = PBXBuildFile; fileRef = 87D2F8072815A42A003108F9 /* Edit.storyboard */; };
		87F539C2281153960081D5C7 /* TodoStorageManager.swift in Sources */ = {isa = PBXBuildFile; fileRef = 87F539C1281153960081D5C7 /* TodoStorageManager.swift */; };
		87F539CA2811549A0081D5C7 /* Storage.swift in Sources */ = {isa = PBXBuildFile; fileRef = 87F539C92811549A0081D5C7 /* Storage.swift */; };
		87F539D4281154F70081D5C7 /* Services.swift in Sources */ = {isa = PBXBuildFile; fileRef = 87F539D3281154F70081D5C7 /* Services.swift */; };
		87F539FF2811879F0081D5C7 /* Add.storyboard in Resources */ = {isa = PBXBuildFile; fileRef = 87F539FE2811879F0081D5C7 /* Add.storyboard */; };
		87F53A04281187AF0081D5C7 /* AddVC.swift in Sources */ = {isa = PBXBuildFile; fileRef = 87F53A03281187AF0081D5C7 /* AddVC.swift */; };
		87F53A852811ABEB0081D5C7 /* CoreDataTestStack.swift in Sources */ = {isa = PBXBuildFile; fileRef = 87F53A842811ABEB0081D5C7 /* CoreDataTestStack.swift */; };
		87F53A8D2811C03C0081D5C7 /* MamadTodoIntegrationTest.swift in Sources */ = {isa = PBXBuildFile; fileRef = 87F53A8C2811C03C0081D5C7 /* MamadTodoIntegrationTest.swift */; };
		87F53AB72811E5580081D5C7 /* Alert.swift in Sources */ = {isa = PBXBuildFile; fileRef = 87F53AB62811E5580081D5C7 /* Alert.swift */; };
		F72669392590B8DE00AB3034 /* AppDelegate.swift in Sources */ = {isa = PBXBuildFile; fileRef = F72669382590B8DE00AB3034 /* AppDelegate.swift */; };
		F72669402590B8DE00AB3034 /* Main.storyboard in Resources */ = {isa = PBXBuildFile; fileRef = F726693E2590B8DE00AB3034 /* Main.storyboard */; };
		F72669422590B8DF00AB3034 /* Assets.xcassets in Resources */ = {isa = PBXBuildFile; fileRef = F72669412590B8DF00AB3034 /* Assets.xcassets */; };
		F72669452590B8DF00AB3034 /* LaunchScreen.storyboard in Resources */ = {isa = PBXBuildFile; fileRef = F72669432590B8DF00AB3034 /* LaunchScreen.storyboard */; };
		F72669502590B8DF00AB3034 /* MamadCoreDataTest.swift in Sources */ = {isa = PBXBuildFile; fileRef = F726694F2590B8DF00AB3034 /* MamadCoreDataTest.swift */; };
		F726695B2590B8E000AB3034 /* MamadTodoUITests.swift in Sources */ = {isa = PBXBuildFile; fileRef = F726695A2590B8E000AB3034 /* MamadTodoUITests.swift */; };
/* End PBXBuildFile section */

/* Begin PBXContainerItemProxy section */
		F726694C2590B8DF00AB3034 /* PBXContainerItemProxy */ = {
			isa = PBXContainerItemProxy;
			containerPortal = F726692D2590B8DD00AB3034 /* Project object */;
			proxyType = 1;
			remoteGlobalIDString = F72669342590B8DD00AB3034;
			remoteInfo = GetirTodo;
		};
		F72669572590B8E000AB3034 /* PBXContainerItemProxy */ = {
			isa = PBXContainerItemProxy;
			containerPortal = F726692D2590B8DD00AB3034 /* Project object */;
			proxyType = 1;
			remoteGlobalIDString = F72669342590B8DD00AB3034;
			remoteInfo = GetirTodo;
		};
/* End PBXContainerItemProxy section */

/* Begin PBXFileReference section */
		87321F6D2810794100E8DC68 /* AppCoordinator.swift */ = {isa = PBXFileReference; fileEncoding = 4; lastKnownFileType = sourcecode.swift; path = AppCoordinator.swift; sourceTree = "<group>"; };
		87321F6E2810794100E8DC68 /* Coordinator.swift */ = {isa = PBXFileReference; fileEncoding = 4; lastKnownFileType = sourcecode.swift; path = Coordinator.swift; sourceTree = "<group>"; };
		87321F7828107A0600E8DC68 /* MainCoordinator.swift */ = {isa = PBXFileReference; fileEncoding = 4; lastKnownFileType = sourcecode.swift; path = MainCoordinator.swift; sourceTree = "<group>"; };
		87321F8028107A7A00E8DC68 /* MainVC.swift */ = {isa = PBXFileReference; lastKnownFileType = sourcecode.swift; path = MainVC.swift; sourceTree = "<group>"; };
		87321F8528107A8200E8DC68 /* MainVM.swift */ = {isa = PBXFileReference; lastKnownFileType = sourcecode.swift; path = MainVM.swift; sourceTree = "<group>"; };
		87321F8A28107C4500E8DC68 /* VMAbstraction.swift */ = {isa = PBXFileReference; lastKnownFileType = sourcecode.swift; path = VMAbstraction.swift; sourceTree = "<group>"; };
		87321F8F2810833700E8DC68 /* Todo.swift */ = {isa = PBXFileReference; lastKnownFileType = sourcecode.swift; path = Todo.swift; sourceTree = "<group>"; };
		87321FD828109BEC00E8DC68 /* DetailsVC.swift */ = {isa = PBXFileReference; lastKnownFileType = sourcecode.swift; path = DetailsVC.swift; sourceTree = "<group>"; };
		87321FE428109C1D00E8DC68 /* Details.storyboard */ = {isa = PBXFileReference; lastKnownFileType = file.storyboard; path = Details.storyboard; sourceTree = "<group>"; };
		8785FD9B2812ADF9001D7244 /* TodoViewData.swift */ = {isa = PBXFileReference; lastKnownFileType = sourcecode.swift; path = TodoViewData.swift; sourceTree = "<group>"; };
		8785FDAF2812AEF3001D7244 /* TodoObject.swift */ = {isa = PBXFileReference; lastKnownFileType = sourcecode.swift; path = TodoObject.swift; sourceTree = "<group>"; };
		878D6B3D28113A8C00B736B3 /* todo.xcdatamodel */ = {isa = PBXFileReference; lastKnownFileType = wrapper.xcdatamodel; path = todo.xcdatamodel; sourceTree = "<group>"; };
		878D6B4428113BD600B736B3 /* CoreDataStack.swift */ = {isa = PBXFileReference; lastKnownFileType = sourcecode.swift; path = CoreDataStack.swift; sourceTree = "<group>"; };
		87D2F8062815A42A003108F9 /* EditVC.swift */ = {isa = PBXFileReference; fileEncoding = 4; lastKnownFileType = sourcecode.swift; path = EditVC.swift; sourceTree = "<group>"; };
		87D2F8072815A42A003108F9 /* Edit.storyboard */ = {isa = PBXFileReference; fileEncoding = 4; lastKnownFileType = file.storyboard; path = Edit.storyboard; sourceTree = "<group>"; };
		87F539C1281153960081D5C7 /* TodoStorageManager.swift */ = {isa = PBXFileReference; lastKnownFileType = sourcecode.swift; path = TodoStorageManager.swift; sourceTree = "<group>"; };
		87F539C92811549A0081D5C7 /* Storage.swift */ = {isa = PBXFileReference; lastKnownFileType = sourcecode.swift; path = Storage.swift; sourceTree = "<group>"; };
		87F539D3281154F70081D5C7 /* Services.swift */ = {isa = PBXFileReference; lastKnownFileType = sourcecode.swift; path = Services.swift; sourceTree = "<group>"; };
		87F539FE2811879F0081D5C7 /* Add.storyboard */ = {isa = PBXFileReference; lastKnownFileType = file.storyboard; path = Add.storyboard; sourceTree = "<group>"; };
		87F53A03281187AF0081D5C7 /* AddVC.swift */ = {isa = PBXFileReference; lastKnownFileType = sourcecode.swift; path = AddVC.swift; sourceTree = "<group>"; };
		87F53A842811ABEB0081D5C7 /* CoreDataTestStack.swift */ = {isa = PBXFileReference; lastKnownFileType = sourcecode.swift; path = CoreDataTestStack.swift; sourceTree = "<group>"; };
		87F53A8C2811C03C0081D5C7 /* MamadTodoIntegrationTest.swift */ = {isa = PBXFileReference; lastKnownFileType = sourcecode.swift; path = MamadTodoIntegrationTest.swift; sourceTree = "<group>"; };
		87F53AB62811E5580081D5C7 /* Alert.swift */ = {isa = PBXFileReference; lastKnownFileType = sourcecode.swift; path = Alert.swift; sourceTree = "<group>"; };
		F72669352590B8DD00AB3034 /* MamadTodo.app */ = {isa = PBXFileReference; explicitFileType = wrapper.application; includeInIndex = 0; path = MamadTodo.app; sourceTree = BUILT_PRODUCTS_DIR; };
		F72669382590B8DE00AB3034 /* AppDelegate.swift */ = {isa = PBXFileReference; lastKnownFileType = sourcecode.swift; path = AppDelegate.swift; sourceTree = "<group>"; };
		F726693F2590B8DE00AB3034 /* Base */ = {isa = PBXFileReference; lastKnownFileType = file.storyboard; name = Base; path = Base.lproj/Main.storyboard; sourceTree = "<group>"; };
		F72669412590B8DF00AB3034 /* Assets.xcassets */ = {isa = PBXFileReference; lastKnownFileType = folder.assetcatalog; path = Assets.xcassets; sourceTree = "<group>"; };
		F72669442590B8DF00AB3034 /* Base */ = {isa = PBXFileReference; lastKnownFileType = file.storyboard; name = Base; path = Base.lproj/LaunchScreen.storyboard; sourceTree = "<group>"; };
		F72669462590B8DF00AB3034 /* Info.plist */ = {isa = PBXFileReference; lastKnownFileType = text.plist.xml; path = Info.plist; sourceTree = "<group>"; };
		F726694B2590B8DF00AB3034 /* MamadTodoTests.xctest */ = {isa = PBXFileReference; explicitFileType = wrapper.cfbundle; includeInIndex = 0; path = MamadTodoTests.xctest; sourceTree = BUILT_PRODUCTS_DIR; };
		F726694F2590B8DF00AB3034 /* MamadCoreDataTest.swift */ = {isa = PBXFileReference; lastKnownFileType = sourcecode.swift; path = MamadCoreDataTest.swift; sourceTree = "<group>"; };
		F72669512590B8DF00AB3034 /* Info.plist */ = {isa = PBXFileReference; lastKnownFileType = text.plist.xml; path = Info.plist; sourceTree = "<group>"; };
		F72669562590B8E000AB3034 /* MamadTodoUITests.xctest */ = {isa = PBXFileReference; explicitFileType = wrapper.cfbundle; includeInIndex = 0; path = MamadTodoUITests.xctest; sourceTree = BUILT_PRODUCTS_DIR; };
		F726695A2590B8E000AB3034 /* MamadTodoUITests.swift */ = {isa = PBXFileReference; lastKnownFileType = sourcecode.swift; path = MamadTodoUITests.swift; sourceTree = "<group>"; };
		F726695C2590B8E000AB3034 /* Info.plist */ = {isa = PBXFileReference; lastKnownFileType = text.plist.xml; path = Info.plist; sourceTree = "<group>"; };
/* End PBXFileReference section */

/* Begin PBXFrameworksBuildPhase section */
		F72669322590B8DD00AB3034 /* Frameworks */ = {
			isa = PBXFrameworksBuildPhase;
			buildActionMask = 2147483647;
			files = (
			);
			runOnlyForDeploymentPostprocessing = 0;
		};
		F72669482590B8DF00AB3034 /* Frameworks */ = {
			isa = PBXFrameworksBuildPhase;
			buildActionMask = 2147483647;
			files = (
			);
			runOnlyForDeploymentPostprocessing = 0;
		};
		F72669532590B8DF00AB3034 /* Frameworks */ = {
			isa = PBXFrameworksBuildPhase;
			buildActionMask = 2147483647;
			files = (
			);
			runOnlyForDeploymentPostprocessing = 0;
		};
/* End PBXFrameworksBuildPhase section */

/* Begin PBXGroup section */
		87321F61281065CC00E8DC68 /* Resources */ = {
			isa = PBXGroup;
			children = (
				F72669412590B8DF00AB3034 /* Assets.xcassets */,
				F72669432590B8DF00AB3034 /* LaunchScreen.storyboard */,
				F72669462590B8DF00AB3034 /* Info.plist */,
				878D6B3C28113A8C00B736B3 /* TodoData.xcdatamodeld */,
			);
			path = Resources;
			sourceTree = "<group>";
		};
		87321F62281065D400E8DC68 /* Scenes */ = {
			isa = PBXGroup;
			children = (
				87321F6E2810794100E8DC68 /* Coordinator.swift */,
				87321F6D2810794100E8DC68 /* AppCoordinator.swift */,
				87321F742810796100E8DC68 /* Main */,
				87321FE028109BF500E8DC68 /* Details */,
				87F539FD2811878B0081D5C7 /* Add */,
				87D2F8052815A3E4003108F9 /* Edit */,
				87F53AB52811E54E0081D5C7 /* Alert */,
			);
			path = Scenes;
			sourceTree = "<group>";
		};
		87321F742810796100E8DC68 /* Main */ = {
			isa = PBXGroup;
			children = (
				87321F7828107A0600E8DC68 /* MainCoordinator.swift */,
				87321F94281084E400E8DC68 /* Model */,
				87321F982810866E00E8DC68 /* View */,
				87321F9A2810868C00E8DC68 /* ViewController */,
				87321F992810867600E8DC68 /* ViewModel */,
				87321F9E281086ED00E8DC68 /* Services */,
			);
			path = Main;
			sourceTree = "<group>";
		};
		87321F94281084E400E8DC68 /* Model */ = {
			isa = PBXGroup;
			children = (
				87321F8F2810833700E8DC68 /* Todo.swift */,
				8785FD9B2812ADF9001D7244 /* TodoViewData.swift */,
				8785FDAF2812AEF3001D7244 /* TodoObject.swift */,
			);
			path = Model;
			sourceTree = "<group>";
		};
		87321F982810866E00E8DC68 /* View */ = {
			isa = PBXGroup;
			children = (
				F726693E2590B8DE00AB3034 /* Main.storyboard */,
			);
			path = View;
			sourceTree = "<group>";
		};
		87321F992810867600E8DC68 /* ViewModel */ = {
			isa = PBXGroup;
			children = (
				87321F8A28107C4500E8DC68 /* VMAbstraction.swift */,
				87321F8528107A8200E8DC68 /* MainVM.swift */,
			);
			path = ViewModel;
			sourceTree = "<group>";
		};
		87321F9A2810868C00E8DC68 /* ViewController */ = {
			isa = PBXGroup;
			children = (
				87321F8028107A7A00E8DC68 /* MainVC.swift */,
			);
			path = ViewController;
			sourceTree = "<group>";
		};
		87321F9E281086ED00E8DC68 /* Services */ = {
			isa = PBXGroup;
			children = (
				87F539D3281154F70081D5C7 /* Services.swift */,
				87F539CF281154E80081D5C7 /* Storage */,
			);
			path = Services;
			sourceTree = "<group>";
		};
		87321FE028109BF500E8DC68 /* Details */ = {
			isa = PBXGroup;
			children = (
				87321FD828109BEC00E8DC68 /* DetailsVC.swift */,
				87321FE428109C1D00E8DC68 /* Details.storyboard */,
			);
			path = Details;
			sourceTree = "<group>";
		};
		87D2F8052815A3E4003108F9 /* Edit */ = {
			isa = PBXGroup;
			children = (
				87D2F8072815A42A003108F9 /* Edit.storyboard */,
				87D2F8062815A42A003108F9 /* EditVC.swift */,
			);
			path = Edit;
			sourceTree = "<group>";
		};
		87F539CF281154E80081D5C7 /* Storage */ = {
			isa = PBXGroup;
			children = (
				87F539C92811549A0081D5C7 /* Storage.swift */,
				878D6B4428113BD600B736B3 /* CoreDataStack.swift */,
				87F539C1281153960081D5C7 /* TodoStorageManager.swift */,
			);
			path = Storage;
			sourceTree = "<group>";
		};
		87F539FD2811878B0081D5C7 /* Add */ = {
			isa = PBXGroup;
			children = (
				87F539FE2811879F0081D5C7 /* Add.storyboard */,
				87F53A03281187AF0081D5C7 /* AddVC.swift */,
			);
			path = Add;
			sourceTree = "<group>";
		};
		87F53AB52811E54E0081D5C7 /* Alert */ = {
			isa = PBXGroup;
			children = (
				87F53AB62811E5580081D5C7 /* Alert.swift */,
			);
			path = Alert;
			sourceTree = "<group>";
		};
		F726692C2590B8DD00AB3034 = {
			isa = PBXGroup;
			children = (
				F72669372590B8DE00AB3034 /* MamadTodo */,
				F726694E2590B8DF00AB3034 /* MamadTodoTests */,
				F72669592590B8E000AB3034 /* MamadTodoUITests */,
				F72669362590B8DD00AB3034 /* Products */,
			);
			sourceTree = "<group>";
		};
		F72669362590B8DD00AB3034 /* Products */ = {
			isa = PBXGroup;
			children = (
				F72669352590B8DD00AB3034 /* MamadTodo.app */,
				F726694B2590B8DF00AB3034 /* MamadTodoTests.xctest */,
				F72669562590B8E000AB3034 /* MamadTodoUITests.xctest */,
			);
			name = Products;
			sourceTree = "<group>";
		};
		F72669372590B8DE00AB3034 /* MamadTodo */ = {
			isa = PBXGroup;
			children = (
				F72669382590B8DE00AB3034 /* AppDelegate.swift */,
				87321F62281065D400E8DC68 /* Scenes */,
				87321F61281065CC00E8DC68 /* Resources */,
			);
			path = MamadTodo;
			sourceTree = "<group>";
		};
		F726694E2590B8DF00AB3034 /* MamadTodoTests */ = {
			isa = PBXGroup;
			children = (
				F726694F2590B8DF00AB3034 /* MamadCoreDataTest.swift */,
				87F53A842811ABEB0081D5C7 /* CoreDataTestStack.swift */,
				87F53A8C2811C03C0081D5C7 /* MamadTodoIntegrationTest.swift */,
				F72669512590B8DF00AB3034 /* Info.plist */,
			);
			path = MamadTodoTests;
			sourceTree = "<group>";
		};
		F72669592590B8E000AB3034 /* MamadTodoUITests */ = {
			isa = PBXGroup;
			children = (
				F726695A2590B8E000AB3034 /* MamadTodoUITests.swift */,
				F726695C2590B8E000AB3034 /* Info.plist */,
			);
			path = MamadTodoUITests;
			sourceTree = "<group>";
		};
/* End PBXGroup section */

/* Begin PBXNativeTarget section */
		F72669342590B8DD00AB3034 /* MamadTodo */ = {
			isa = PBXNativeTarget;
			buildConfigurationList = F726695F2590B8E000AB3034 /* Build configuration list for PBXNativeTarget "MamadTodo" */;
			buildPhases = (
				F72669312590B8DD00AB3034 /* Sources */,
				F72669322590B8DD00AB3034 /* Frameworks */,
				F72669332590B8DD00AB3034 /* Resources */,
			);
			buildRules = (
			);
			dependencies = (
			);
			name = MamadTodo;
			productName = GetirTodo;
			productReference = F72669352590B8DD00AB3034 /* MamadTodo.app */;
			productType = "com.apple.product-type.application";
		};
		F726694A2590B8DF00AB3034 /* MamadTodoTests */ = {
			isa = PBXNativeTarget;
			buildConfigurationList = F72669622590B8E000AB3034 /* Build configuration list for PBXNativeTarget "MamadTodoTests" */;
			buildPhases = (
				F72669472590B8DF00AB3034 /* Sources */,
				F72669482590B8DF00AB3034 /* Frameworks */,
				F72669492590B8DF00AB3034 /* Resources */,
			);
			buildRules = (
			);
			dependencies = (
				F726694D2590B8DF00AB3034 /* PBXTargetDependency */,
			);
			name = MamadTodoTests;
			productName = GetirTodoTests;
			productReference = F726694B2590B8DF00AB3034 /* MamadTodoTests.xctest */;
			productType = "com.apple.product-type.bundle.unit-test";
		};
		F72669552590B8DF00AB3034 /* MamadTodoUITests */ = {
			isa = PBXNativeTarget;
			buildConfigurationList = F72669652590B8E000AB3034 /* Build configuration list for PBXNativeTarget "MamadTodoUITests" */;
			buildPhases = (
				F72669522590B8DF00AB3034 /* Sources */,
				F72669532590B8DF00AB3034 /* Frameworks */,
				F72669542590B8DF00AB3034 /* Resources */,
			);
			buildRules = (
			);
			dependencies = (
				F72669582590B8E000AB3034 /* PBXTargetDependency */,
			);
			name = MamadTodoUITests;
			productName = GetirTodoUITests;
			productReference = F72669562590B8E000AB3034 /* MamadTodoUITests.xctest */;
			productType = "com.apple.product-type.bundle.ui-testing";
		};
/* End PBXNativeTarget section */

/* Begin PBXProject section */
		F726692D2590B8DD00AB3034 /* Project object */ = {
			isa = PBXProject;
			attributes = {
				LastSwiftUpdateCheck = 1200;
				LastUpgradeCheck = 1200;
				TargetAttributes = {
					F72669342590B8DD00AB3034 = {
						CreatedOnToolsVersion = 12.0;
					};
					F726694A2590B8DF00AB3034 = {
						CreatedOnToolsVersion = 12.0;
						TestTargetID = F72669342590B8DD00AB3034;
					};
					F72669552590B8DF00AB3034 = {
						CreatedOnToolsVersion = 12.0;
						TestTargetID = F72669342590B8DD00AB3034;
					};
				};
			};
			buildConfigurationList = F72669302590B8DD00AB3034 /* Build configuration list for PBXProject "MamadTodo" */;
			compatibilityVersion = "Xcode 9.3";
			developmentRegion = en;
			hasScannedForEncodings = 0;
			knownRegions = (
				en,
				Base,
			);
			mainGroup = F726692C2590B8DD00AB3034;
			productRefGroup = F72669362590B8DD00AB3034 /* Products */;
			projectDirPath = "";
			projectRoot = "";
			targets = (
				F72669342590B8DD00AB3034 /* MamadTodo */,
				F726694A2590B8DF00AB3034 /* MamadTodoTests */,
				F72669552590B8DF00AB3034 /* MamadTodoUITests */,
			);
		};
/* End PBXProject section */

/* Begin PBXResourcesBuildPhase section */
		F72669332590B8DD00AB3034 /* Resources */ = {
			isa = PBXResourcesBuildPhase;
			buildActionMask = 2147483647;
			files = (
				F72669452590B8DF00AB3034 /* LaunchScreen.storyboard in Resources */,
				F72669422590B8DF00AB3034 /* Assets.xcassets in Resources */,
				87F539FF2811879F0081D5C7 /* Add.storyboard in Resources */,
				F72669402590B8DE00AB3034 /* Main.storyboard in Resources */,
				87D2F8092815A42A003108F9 /* Edit.storyboard in Resources */,
				87321FE528109C1D00E8DC68 /* Details.storyboard in Resources */,
			);
			runOnlyForDeploymentPostprocessing = 0;
		};
		F72669492590B8DF00AB3034 /* Resources */ = {
			isa = PBXResourcesBuildPhase;
			buildActionMask = 2147483647;
			files = (
			);
			runOnlyForDeploymentPostprocessing = 0;
		};
		F72669542590B8DF00AB3034 /* Resources */ = {
			isa = PBXResourcesBuildPhase;
			buildActionMask = 2147483647;
			files = (
			);
			runOnlyForDeploymentPostprocessing = 0;
		};
/* End PBXResourcesBuildPhase section */

/* Begin PBXSourcesBuildPhase section */
		F72669312590B8DD00AB3034 /* Sources */ = {
			isa = PBXSourcesBuildPhase;
			buildActionMask = 2147483647;
			files = (
				87321F702810794100E8DC68 /* Coordinator.swift in Sources */,
				87F539C2281153960081D5C7 /* TodoStorageManager.swift in Sources */,
				878D6B3E28113A8C00B736B3 /* TodoData.xcdatamodeld in Sources */,
				87F53AB72811E5580081D5C7 /* Alert.swift in Sources */,
				87D2F8082815A42A003108F9 /* EditVC.swift in Sources */,
				87F539D4281154F70081D5C7 /* Services.swift in Sources */,
				87321F8628107A8200E8DC68 /* MainVM.swift in Sources */,
				8785FD9C2812ADF9001D7244 /* TodoViewData.swift in Sources */,
				87321F8B28107C4500E8DC68 /* VMAbstraction.swift in Sources */,
				87321F902810833700E8DC68 /* Todo.swift in Sources */,
				87321F8128107A7A00E8DC68 /* MainVC.swift in Sources */,
				87F53A04281187AF0081D5C7 /* AddVC.swift in Sources */,
				87321FD928109BEC00E8DC68 /* DetailsVC.swift in Sources */,
				87321F7928107A0600E8DC68 /* MainCoordinator.swift in Sources */,
				8785FDB02812AEF3001D7244 /* TodoObject.swift in Sources */,
				87321F6F2810794100E8DC68 /* AppCoordinator.swift in Sources */,
				F72669392590B8DE00AB3034 /* AppDelegate.swift in Sources */,
				878D6B4528113BD600B736B3 /* CoreDataStack.swift in Sources */,
				87F539CA2811549A0081D5C7 /* Storage.swift in Sources */,
			);
			runOnlyForDeploymentPostprocessing = 0;
		};
		F72669472590B8DF00AB3034 /* Sources */ = {
			isa = PBXSourcesBuildPhase;
			buildActionMask = 2147483647;
			files = (
				F72669502590B8DF00AB3034 /* MamadCoreDataTest.swift in Sources */,
				87F53A8D2811C03C0081D5C7 /* MamadTodoIntegrationTest.swift in Sources */,
				87F53A852811ABEB0081D5C7 /* CoreDataTestStack.swift in Sources */,
			);
			runOnlyForDeploymentPostprocessing = 0;
		};
		F72669522590B8DF00AB3034 /* Sources */ = {
			isa = PBXSourcesBuildPhase;
			buildActionMask = 2147483647;
			files = (
				F726695B2590B8E000AB3034 /* MamadTodoUITests.swift in Sources */,
			);
			runOnlyForDeploymentPostprocessing = 0;
		};
/* End PBXSourcesBuildPhase section */

/* Begin PBXTargetDependency section */
		F726694D2590B8DF00AB3034 /* PBXTargetDependency */ = {
			isa = PBXTargetDependency;
			target = F72669342590B8DD00AB3034 /* MamadTodo */;
			targetProxy = F726694C2590B8DF00AB3034 /* PBXContainerItemProxy */;
		};
		F72669582590B8E000AB3034 /* PBXTargetDependency */ = {
			isa = PBXTargetDependency;
			target = F72669342590B8DD00AB3034 /* MamadTodo */;
			targetProxy = F72669572590B8E000AB3034 /* PBXContainerItemProxy */;
		};
/* End PBXTargetDependency section */

/* Begin PBXVariantGroup section */
		F726693E2590B8DE00AB3034 /* Main.storyboard */ = {
			isa = PBXVariantGroup;
			children = (
				F726693F2590B8DE00AB3034 /* Base */,
			);
			name = Main.storyboard;
			sourceTree = "<group>";
		};
		F72669432590B8DF00AB3034 /* LaunchScreen.storyboard */ = {
			isa = PBXVariantGroup;
			children = (
				F72669442590B8DF00AB3034 /* Base */,
			);
			name = LaunchScreen.storyboard;
			sourceTree = "<group>";
		};
/* End PBXVariantGroup section */

/* Begin XCBuildConfiguration section */
		F726695D2590B8E000AB3034 /* Debug */ = {
			isa = XCBuildConfiguration;
			buildSettings = {
				ALWAYS_SEARCH_USER_PATHS = NO;
				CLANG_ANALYZER_NONNULL = YES;
				CLANG_ANALYZER_NUMBER_OBJECT_CONVERSION = YES_AGGRESSIVE;
				CLANG_CXX_LANGUAGE_STANDARD = "gnu++14";
				CLANG_CXX_LIBRARY = "libc++";
				CLANG_ENABLE_MODULES = YES;
				CLANG_ENABLE_OBJC_ARC = YES;
				CLANG_ENABLE_OBJC_WEAK = YES;
				CLANG_WARN_BLOCK_CAPTURE_AUTORELEASING = YES;
				CLANG_WARN_BOOL_CONVERSION = YES;
				CLANG_WARN_COMMA = YES;
				CLANG_WARN_CONSTANT_CONVERSION = YES;
				CLANG_WARN_DEPRECATED_OBJC_IMPLEMENTATIONS = YES;
				CLANG_WARN_DIRECT_OBJC_ISA_USAGE = YES_ERROR;
				CLANG_WARN_DOCUMENTATION_COMMENTS = YES;
				CLANG_WARN_EMPTY_BODY = YES;
				CLANG_WARN_ENUM_CONVERSION = YES;
				CLANG_WARN_INFINITE_RECURSION = YES;
				CLANG_WARN_INT_CONVERSION = YES;
				CLANG_WARN_NON_LITERAL_NULL_CONVERSION = YES;
				CLANG_WARN_OBJC_IMPLICIT_RETAIN_SELF = YES;
				CLANG_WARN_OBJC_LITERAL_CONVERSION = YES;
				CLANG_WARN_OBJC_ROOT_CLASS = YES_ERROR;
				CLANG_WARN_QUOTED_INCLUDE_IN_FRAMEWORK_HEADER = YES;
				CLANG_WARN_RANGE_LOOP_ANALYSIS = YES;
				CLANG_WARN_STRICT_PROTOTYPES = YES;
				CLANG_WARN_SUSPICIOUS_MOVE = YES;
				CLANG_WARN_UNGUARDED_AVAILABILITY = YES_AGGRESSIVE;
				CLANG_WARN_UNREACHABLE_CODE = YES;
				CLANG_WARN__DUPLICATE_METHOD_MATCH = YES;
				COPY_PHASE_STRIP = NO;
				DEBUG_INFORMATION_FORMAT = dwarf;
				ENABLE_STRICT_OBJC_MSGSEND = YES;
				ENABLE_TESTABILITY = YES;
				GCC_C_LANGUAGE_STANDARD = gnu11;
				GCC_DYNAMIC_NO_PIC = NO;
				GCC_NO_COMMON_BLOCKS = YES;
				GCC_OPTIMIZATION_LEVEL = 0;
				GCC_PREPROCESSOR_DEFINITIONS = (
					"DEBUG=1",
					"$(inherited)",
				);
				GCC_WARN_64_TO_32_BIT_CONVERSION = YES;
				GCC_WARN_ABOUT_RETURN_TYPE = YES_ERROR;
				GCC_WARN_UNDECLARED_SELECTOR = YES;
				GCC_WARN_UNINITIALIZED_AUTOS = YES_AGGRESSIVE;
				GCC_WARN_UNUSED_FUNCTION = YES;
				GCC_WARN_UNUSED_VARIABLE = YES;
				IPHONEOS_DEPLOYMENT_TARGET = 14.0;
				MTL_ENABLE_DEBUG_INFO = INCLUDE_SOURCE;
				MTL_FAST_MATH = YES;
				ONLY_ACTIVE_ARCH = YES;
				SDKROOT = iphoneos;
				SWIFT_ACTIVE_COMPILATION_CONDITIONS = DEBUG;
				SWIFT_OPTIMIZATION_LEVEL = "-Onone";
			};
			name = Debug;
		};
		F726695E2590B8E000AB3034 /* Release */ = {
			isa = XCBuildConfiguration;
			buildSettings = {
				ALWAYS_SEARCH_USER_PATHS = NO;
				CLANG_ANALYZER_NONNULL = YES;
				CLANG_ANALYZER_NUMBER_OBJECT_CONVERSION = YES_AGGRESSIVE;
				CLANG_CXX_LANGUAGE_STANDARD = "gnu++14";
				CLANG_CXX_LIBRARY = "libc++";
				CLANG_ENABLE_MODULES = YES;
				CLANG_ENABLE_OBJC_ARC = YES;
				CLANG_ENABLE_OBJC_WEAK = YES;
				CLANG_WARN_BLOCK_CAPTURE_AUTORELEASING = YES;
				CLANG_WARN_BOOL_CONVERSION = YES;
				CLANG_WARN_COMMA = YES;
				CLANG_WARN_CONSTANT_CONVERSION = YES;
				CLANG_WARN_DEPRECATED_OBJC_IMPLEMENTATIONS = YES;
				CLANG_WARN_DIRECT_OBJC_ISA_USAGE = YES_ERROR;
				CLANG_WARN_DOCUMENTATION_COMMENTS = YES;
				CLANG_WARN_EMPTY_BODY = YES;
				CLANG_WARN_ENUM_CONVERSION = YES;
				CLANG_WARN_INFINITE_RECURSION = YES;
				CLANG_WARN_INT_CONVERSION = YES;
				CLANG_WARN_NON_LITERAL_NULL_CONVERSION = YES;
				CLANG_WARN_OBJC_IMPLICIT_RETAIN_SELF = YES;
				CLANG_WARN_OBJC_LITERAL_CONVERSION = YES;
				CLANG_WARN_OBJC_ROOT_CLASS = YES_ERROR;
				CLANG_WARN_QUOTED_INCLUDE_IN_FRAMEWORK_HEADER = YES;
				CLANG_WARN_RANGE_LOOP_ANALYSIS = YES;
				CLANG_WARN_STRICT_PROTOTYPES = YES;
				CLANG_WARN_SUSPICIOUS_MOVE = YES;
				CLANG_WARN_UNGUARDED_AVAILABILITY = YES_AGGRESSIVE;
				CLANG_WARN_UNREACHABLE_CODE = YES;
				CLANG_WARN__DUPLICATE_METHOD_MATCH = YES;
				COPY_PHASE_STRIP = NO;
				DEBUG_INFORMATION_FORMAT = "dwarf-with-dsym";
				ENABLE_NS_ASSERTIONS = NO;
				ENABLE_STRICT_OBJC_MSGSEND = YES;
				GCC_C_LANGUAGE_STANDARD = gnu11;
				GCC_NO_COMMON_BLOCKS = YES;
				GCC_WARN_64_TO_32_BIT_CONVERSION = YES;
				GCC_WARN_ABOUT_RETURN_TYPE = YES_ERROR;
				GCC_WARN_UNDECLARED_SELECTOR = YES;
				GCC_WARN_UNINITIALIZED_AUTOS = YES_AGGRESSIVE;
				GCC_WARN_UNUSED_FUNCTION = YES;
				GCC_WARN_UNUSED_VARIABLE = YES;
				IPHONEOS_DEPLOYMENT_TARGET = 14.0;
				MTL_ENABLE_DEBUG_INFO = NO;
				MTL_FAST_MATH = YES;
				SDKROOT = iphoneos;
				SWIFT_COMPILATION_MODE = wholemodule;
				SWIFT_OPTIMIZATION_LEVEL = "-O";
				VALIDATE_PRODUCT = YES;
			};
			name = Release;
		};
		F72669602590B8E000AB3034 /* Debug */ = {
			isa = XCBuildConfiguration;
			buildSettings = {
				ASSETCATALOG_COMPILER_APPICON_NAME = AppIcon;
				ASSETCATALOG_COMPILER_GLOBAL_ACCENT_COLOR_NAME = AccentColor;
				CODE_SIGN_STYLE = Automatic;
				INFOPLIST_FILE = MamadTodo/Resources/Info.plist;
				IPHONEOS_DEPLOYMENT_TARGET = 12.0;
				LD_RUNPATH_SEARCH_PATHS = (
					"$(inherited)",
					"@executable_path/Frameworks",
				);
				PRODUCT_BUNDLE_IDENTIFIER = com.kabok.mohammadfarrahi.MamadTodo;
				PRODUCT_NAME = "$(TARGET_NAME)";
				SWIFT_VERSION = 5.0;
				TARGETED_DEVICE_FAMILY = 1;
			};
			name = Debug;
		};
		F72669612590B8E000AB3034 /* Release */ = {
			isa = XCBuildConfiguration;
			buildSettings = {
				ASSETCATALOG_COMPILER_APPICON_NAME = AppIcon;
				ASSETCATALOG_COMPILER_GLOBAL_ACCENT_COLOR_NAME = AccentColor;
				CODE_SIGN_STYLE = Automatic;
				INFOPLIST_FILE = MamadTodo/Resources/Info.plist;
				IPHONEOS_DEPLOYMENT_TARGET = 12.0;
				LD_RUNPATH_SEARCH_PATHS = (
					"$(inherited)",
					"@executable_path/Frameworks",
				);
				PRODUCT_BUNDLE_IDENTIFIER = com.kabok.mohammadfarrahi.MamadTodo;
				PRODUCT_NAME = "$(TARGET_NAME)";
				SWIFT_VERSION = 5.0;
				TARGETED_DEVICE_FAMILY = 1;
			};
			name = Release;
		};
		F72669632590B8E000AB3034 /* Debug */ = {
			isa = XCBuildConfiguration;
			buildSettings = {
				ALWAYS_EMBED_SWIFT_STANDARD_LIBRARIES = YES;
				BUNDLE_LOADER = "$(TEST_HOST)";
				CODE_SIGN_STYLE = Automatic;
				INFOPLIST_FILE = MamadTodoTests/Info.plist;
				IPHONEOS_DEPLOYMENT_TARGET = 14.0;
				LD_RUNPATH_SEARCH_PATHS = (
					"$(inherited)",
					"@executable_path/Frameworks",
					"@loader_path/Frameworks",
				);
				PRODUCT_BUNDLE_IDENTIFIER = com.kabok.mohammadfarrahi.MamadTodoTests;
				PRODUCT_NAME = "$(TARGET_NAME)";
				SWIFT_VERSION = 5.0;
				TARGETED_DEVICE_FAMILY = "1,2";
				TEST_HOST = "$(BUILT_PRODUCTS_DIR)/MamadTodo.app/MamadTodo";
			};
			name = Debug;
		};
		F72669642590B8E000AB3034 /* Release */ = {
			isa = XCBuildConfiguration;
			buildSettings = {
				ALWAYS_EMBED_SWIFT_STANDARD_LIBRARIES = YES;
				BUNDLE_LOADER = "$(TEST_HOST)";
				CODE_SIGN_STYLE = Automatic;
				INFOPLIST_FILE = MamadTodoTests/Info.plist;
				IPHONEOS_DEPLOYMENT_TARGET = 14.0;
				LD_RUNPATH_SEARCH_PATHS = (
					"$(inherited)",
					"@executable_path/Frameworks",
					"@loader_path/Frameworks",
				);
				PRODUCT_BUNDLE_IDENTIFIER = com.kabok.mohammadfarrahi.MamadTodoTests;
				PRODUCT_NAME = "$(TARGET_NAME)";
				SWIFT_VERSION = 5.0;
				TARGETED_DEVICE_FAMILY = "1,2";
				TEST_HOST = "$(BUILT_PRODUCTS_DIR)/MamadTodo.app/MamadTodo";
			};
			name = Release;
		};
		F72669662590B8E000AB3034 /* Debug */ = {
			isa = XCBuildConfiguration;
			buildSettings = {
				ALWAYS_EMBED_SWIFT_STANDARD_LIBRARIES = YES;
				CODE_SIGN_STYLE = Automatic;
				INFOPLIST_FILE = MamadTodoUITests/Info.plist;
				LD_RUNPATH_SEARCH_PATHS = (
					"$(inherited)",
					"@executable_path/Frameworks",
					"@loader_path/Frameworks",
				);
				PRODUCT_BUNDLE_IDENTIFIER = com.kabok.mohammadfarrahi.MamadTodoUITests;
				PRODUCT_NAME = "$(TARGET_NAME)";
				SWIFT_VERSION = 5.0;
				TARGETED_DEVICE_FAMILY = "1,2";
				TEST_TARGET_NAME = MamadTodo;
			};
			name = Debug;
		};
		F72669672590B8E000AB3034 /* Release */ = {
			isa = XCBuildConfiguration;
			buildSettings = {
				ALWAYS_EMBED_SWIFT_STANDARD_LIBRARIES = YES;
				CODE_SIGN_STYLE = Automatic;
				INFOPLIST_FILE = MamadTodoUITests/Info.plist;
				LD_RUNPATH_SEARCH_PATHS = (
					"$(inherited)",
					"@executable_path/Frameworks",
					"@loader_path/Frameworks",
				);
				PRODUCT_BUNDLE_IDENTIFIER = com.kabok.mohammadfarrahi.MamadTodoUITests;
				PRODUCT_NAME = "$(TARGET_NAME)";
				SWIFT_VERSION = 5.0;
				TARGETED_DEVICE_FAMILY = "1,2";
				TEST_TARGET_NAME = MamadTodo;
			};
			name = Release;
		};
/* End XCBuildConfiguration section */

/* Begin XCConfigurationList section */
		F72669302590B8DD00AB3034 /* Build configuration list for PBXProject "MamadTodo" */ = {
			isa = XCConfigurationList;
			buildConfigurations = (
				F726695D2590B8E000AB3034 /* Debug */,
				F726695E2590B8E000AB3034 /* Release */,
			);
			defaultConfigurationIsVisible = 0;
			defaultConfigurationName = Release;
		};
		F726695F2590B8E000AB3034 /* Build configuration list for PBXNativeTarget "MamadTodo" */ = {
			isa = XCConfigurationList;
			buildConfigurations = (
				F72669602590B8E000AB3034 /* Debug */,
				F72669612590B8E000AB3034 /* Release */,
			);
			defaultConfigurationIsVisible = 0;
			defaultConfigurationName = Release;
		};
		F72669622590B8E000AB3034 /* Build configuration list for PBXNativeTarget "MamadTodoTests" */ = {
			isa = XCConfigurationList;
			buildConfigurations = (
				F72669632590B8E000AB3034 /* Debug */,
				F72669642590B8E000AB3034 /* Release */,
			);
			defaultConfigurationIsVisible = 0;
			defaultConfigurationName = Release;
		};
		F72669652590B8E000AB3034 /* Build configuration list for PBXNativeTarget "MamadTodoUITests" */ = {
			isa = XCConfigurationList;
			buildConfigurations = (
				F72669662590B8E000AB3034 /* Debug */,
				F72669672590B8E000AB3034 /* Release */,
			);
			defaultConfigurationIsVisible = 0;
			defaultConfigurationName = Release;
		};
/* End XCConfigurationList section */

/* Begin XCVersionGroup section */
		878D6B3C28113A8C00B736B3 /* TodoData.xcdatamodeld */ = {
			isa = XCVersionGroup;
			children = (
				878D6B3D28113A8C00B736B3 /* todo.xcdatamodel */,
			);
			currentVersion = 878D6B3D28113A8C00B736B3 /* todo.xcdatamodel */;
			path = TodoData.xcdatamodeld;
			sourceTree = "<group>";
			versionGroupType = wrapper.xcdatamodel;
		};
/* End XCVersionGroup section */
	};
	rootObject = F726692D2590B8DD00AB3034 /* Project object */;
}
